
Microsoft Visual Studio Solution File, Format Version 12.00
# Visual Studio Version 17
VisualStudioVersion = 17.6.33829.357
MinimumVisualStudioVersion = 10.0.40219.1
Project("{FAE04EC0-301F-11D3-BF4B-00C04F79EFBC}") = "ServiceProject_ServerSide", "ServiceProject_ServerSide.csproj", "{73CC2AF5-2B08-4A6A-8464-CB9343BAA482}"
EndProject
Global
	GlobalSection(SolutionConfigurationPlatforms) = preSolution
		Debug|Any CPU = Debug|Any CPU
		Release|Any CPU = Release|Any CPU
	EndGlobalSection
	GlobalSection(ProjectConfigurationPlatforms) = postSolution
		{73CC2AF5-2B08-4A6A-8464-CB9343BAA482}.Debug|Any CPU.ActiveCfg = Debug|Any CPU
		{73CC2AF5-2B08-4A6A-8464-CB9343BAA482}.Debug|Any CPU.Build.0 = Debug|Any CPU
		{73CC2AF5-2B08-4A6A-8464-CB9343BAA482}.Release|Any CPU.ActiveCfg = Release|Any CPU
		{73CC2AF5-2B08-4A6A-8464-CB9343BAA482}.Release|Any CPU.Build.0 = Release|Any CPU
	EndGlobalSection
	GlobalSection(SolutionProperties) = preSolution
		HideSolutionNode = FALSE
	EndGlobalSection
	GlobalSection(ExtensibilityGlobals) = postSolution
		SolutionGuid = {5AA8F0A1-8039-41CC-ADCB-4DDFE31BF194}
	EndGlobalSection
EndGlobal
